
Microsoft Visual Studio Solution File, Format Version 12.00
# Visual Studio Version 17
VisualStudioVersion = 17.6.33815.320
MinimumVisualStudioVersion = 10.0.40219.1
Project("{9A19103F-16F7-4668-BE54-9A1E7A4F7556}") = "WinForms", "WinForms\WinForms.csproj", "{549985B0-866A-434F-B72D-0BAA74D4FB7C}"
EndProject
Project("{FAE04EC0-301F-11D3-BF4B-00C04F79EFBC}") = "Domain", "Domain\Domain.csproj", "{BD483EE3-7D5D-4A10-96AB-7AF7784F0C49}"
EndProject
Project("{FAE04EC0-301F-11D3-BF4B-00C04F79EFBC}") = "Infrastructure", "Infrastructure\Infrastructure.csproj", "{6B59BC12-B28E-4F75-8A60-B2994261A9AC}"
EndProject
Global
	GlobalSection(SolutionConfigurationPlatforms) = preSolution
		Debug|Any CPU = Debug|Any CPU
		Release|Any CPU = Release|Any CPU
	EndGlobalSection
	GlobalSection(ProjectConfigurationPlatforms) = postSolution
		{549985B0-866A-434F-B72D-0BAA74D4FB7C}.Debug|Any CPU.ActiveCfg = Debug|Any CPU
		{549985B0-866A-434F-B72D-0BAA74D4FB7C}.Debug|Any CPU.Build.0 = Debug|Any CPU
		{549985B0-866A-434F-B72D-0BAA74D4FB7C}.Release|Any CPU.ActiveCfg = Release|Any CPU
		{549985B0-866A-434F-B72D-0BAA74D4FB7C}.Release|Any CPU.Build.0 = Release|Any CPU
		{BD483EE3-7D5D-4A10-96AB-7AF7784F0C49}.Debug|Any CPU.ActiveCfg = Debug|Any CPU
		{BD483EE3-7D5D-4A10-96AB-7AF7784F0C49}.Debug|Any CPU.Build.0 = Debug|Any CPU
		{BD483EE3-7D5D-4A10-96AB-7AF7784F0C49}.Release|Any CPU.ActiveCfg = Release|Any CPU
		{BD483EE3-7D5D-4A10-96AB-7AF7784F0C49}.Release|Any CPU.Build.0 = Release|Any CPU
		{6B59BC12-B28E-4F75-8A60-B2994261A9AC}.Debug|Any CPU.ActiveCfg = Debug|Any CPU
		{6B59BC12-B28E-4F75-8A60-B2994261A9AC}.Debug|Any CPU.Build.0 = Debug|Any CPU
		{6B59BC12-B28E-4F75-8A60-B2994261A9AC}.Release|Any CPU.ActiveCfg = Release|Any CPU
		{6B59BC12-B28E-4F75-8A60-B2994261A9AC}.Release|Any CPU.Build.0 = Release|Any CPU
	EndGlobalSection
	GlobalSection(SolutionProperties) = preSolution
		HideSolutionNode = FALSE
	EndGlobalSection
	GlobalSection(ExtensibilityGlobals) = postSolution
		SolutionGuid = {ABDC5DDC-4D98-46D6-8BE8-4F29C702E13A}
	EndGlobalSection
EndGlobal
