
Microsoft Visual Studio Solution File, Format Version 12.00
# Visual Studio Version 17
VisualStudioVersion = 17.6.33815.320
MinimumVisualStudioVersion = 10.0.40219.1
Project("{FAE04EC0-301F-11D3-BF4B-00C04F79EFBC}") = "App", "App\App.csproj", "{3A2FEC62-23CF-4F79-AC60-61830E041B14}"
EndProject
Global
	GlobalSection(SolutionConfigurationPlatforms) = preSolution
		Debug|Any CPU = Debug|Any CPU
		Release|Any CPU = Release|Any CPU
	EndGlobalSection
	GlobalSection(ProjectConfigurationPlatforms) = postSolution
		{3A2FEC62-23CF-4F79-AC60-61830E041B14}.Debug|Any CPU.ActiveCfg = Debug|Any CPU
		{3A2FEC62-23CF-4F79-AC60-61830E041B14}.Debug|Any CPU.Build.0 = Debug|Any CPU
		{3A2FEC62-23CF-4F79-AC60-61830E041B14}.Release|Any CPU.ActiveCfg = Release|Any CPU
		{3A2FEC62-23CF-4F79-AC60-61830E041B14}.Release|Any CPU.Build.0 = Release|Any CPU
	EndGlobalSection
	GlobalSection(SolutionProperties) = preSolution
		HideSolutionNode = FALSE
	EndGlobalSection
	GlobalSection(ExtensibilityGlobals) = postSolution
		SolutionGuid = {D945D469-C58E-4197-8297-7FF7528645A1}
	EndGlobalSection
EndGlobal
